
Microsoft Visual Studio Solution File, Format Version 12.00
# Visual Studio Version 16
VisualStudioVersion = 16.0.32901.82
MinimumVisualStudioVersion = 10.0.40219.1
Project("{888888A0-9F3D-457C-B088-3A5042F75D52}") = "_Calculator_tk", "_Calculator_tk\_Calculator_tk.pyproj", "{115208DA-04C7-45AB-B725-48F619CC8009}"
EndProject
Global
	GlobalSection(SolutionConfigurationPlatforms) = preSolution
		Debug|Any CPU = Debug|Any CPU
		Release|Any CPU = Release|Any CPU
	EndGlobalSection
	GlobalSection(ProjectConfigurationPlatforms) = postSolution
		{115208DA-04C7-45AB-B725-48F619CC8009}.Debug|Any CPU.ActiveCfg = Debug|Any CPU
		{115208DA-04C7-45AB-B725-48F619CC8009}.Release|Any CPU.ActiveCfg = Release|Any CPU
	EndGlobalSection
	GlobalSection(SolutionProperties) = preSolution
		HideSolutionNode = FALSE
	EndGlobalSection
	GlobalSection(ExtensibilityGlobals) = postSolution
		SolutionGuid = {B6BB941F-9486-4C48-ACA5-B009E5E1A024}
	EndGlobalSection
EndGlobal
